{
  "name": "toho-project-ime-dictionary",
  "version": "1.0.0",
  "lockfileVersion": 1,
  "requires": true,
  "dependencies": {
    "@types/jest": {
      "version": "24.0.15",
      "resolved": "https://registry.npmjs.org/@types/jest/-/jest-24.0.15.tgz",
      "integrity": "sha512-MU1HIvWUme74stAoc3mgAi+aMlgKOudgEvQDIm1v4RkrDudBh1T+NFp5sftpBAdXdx1J0PbdpJ+M2EsSOi1djA==",
      "dev": true,
      "requires": {
        "@types/jest-diff": "*"
      }
    },
    "@types/jest-diff": {
      "version": "20.0.1",
      "resolved": "https://registry.npmjs.org/@types/jest-diff/-/jest-diff-20.0.1.tgz",
      "integrity": "sha512-yALhelO3i0hqZwhjtcr6dYyaLoCHbAMshwtj6cGxTvHZAKXHsYGdff6E8EPw3xLKY0ELUTQ69Q1rQiJENnccMA==",
      "dev": true
    },
    "@typescript-eslint/eslint-plugin": {
      "version": "1.12.0",
      "resolved": "https://registry.npmjs.org/@typescript-eslint/eslint-plugin/-/eslint-plugin-1.12.0.tgz",
      "integrity": "sha512-J/ZTZF+pLNqjXBGNfq5fahsoJ4vJOkYbitWPavA05IrZ7BXUaf4XWlhUB/ic1lpOGTRpLWF+PLAePjiHp6dz8g==",
      "dev": true,
      "requires": {
        "@typescript-eslint/experimental-utils": "1.12.0",
        "eslint-utils": "^1.3.1",
        "functional-red-black-tree": "^1.0.1",
        "regexpp": "^2.0.1",
        "tsutils": "^3.7.0"
      }
    },
    "@typescript-eslint/experimental-utils": {
      "version": "1.12.0",
      "resolved": "https://registry.npmjs.org/@typescript-eslint/experimental-utils/-/experimental-utils-1.12.0.tgz",
      "integrity": "sha512-s0soOTMJloytr9GbPteMLNiO2HvJ+qgQkRNplABXiVw6vq7uQRvidkby64Gqt/nA7pys74HksHwRULaB/QRVyw==",
      "dev": true,
      "requires": {
        "@typescript-eslint/typescript-estree": "1.12.0",
        "eslint-scope": "^4.0.0"
      }
    },
    "@typescript-eslint/typescript-estree": {
      "version": "1.12.0",
      "resolved": "https://registry.npmjs.org/@typescript-eslint/typescript-estree/-/typescript-estree-1.12.0.tgz",
      "integrity": "sha512-nwN6yy//XcVhFs0ZyU+teJHB8tbCm7AIA8mu6E2r5hu6MajwYBY3Uwop7+rPZWUN/IUOHpL8C+iUPMDVYUU3og==",
      "dev": true,
      "requires": {
        "lodash.unescape": "4.0.1",
        "semver": "5.5.0"
      }
    },
    "eslint-scope": {
      "version": "4.0.3",
      "resolved": "https://registry.npmjs.org/eslint-scope/-/eslint-scope-4.0.3.tgz",
      "integrity": "sha512-p7VutNr1O/QrxysMo3E45FjYDTeXBy0iTltPFNSqKAIfjDSXC+4dj+qfyuD8bfAXrW/y6lW3O76VaYNPKfpKrg==",
      "dev": true,
      "requires": {
        "esrecurse": "^4.1.0",
        "estraverse": "^4.1.1"
      }
    },
    "eslint-utils": {
      "version": "1.4.0",
      "resolved": "https://registry.npmjs.org/eslint-utils/-/eslint-utils-1.4.0.tgz",
      "integrity": "sha512-7ehnzPaP5IIEh1r1tkjuIrxqhNkzUJa9z3R92tLJdZIVdWaczEhr3EbhGtsMrVxi1KeR8qA7Off6SWc5WNQqyQ==",
      "dev": true,
      "requires": {
        "eslint-visitor-keys": "^1.0.0"
      }
    },
    "eslint-visitor-keys": {
      "version": "1.0.0",
      "resolved": "https://registry.npmjs.org/eslint-visitor-keys/-/eslint-visitor-keys-1.0.0.tgz",
      "integrity": "sha512-qzm/XxIbxm/FHyH341ZrbnMUpe+5Bocte9xkmFMzPMjRaZMcXww+MpBptFvtU+79L362nqiLhekCxCxDPaUMBQ==",
      "dev": true
    },
    "esrecurse": {
      "version": "4.2.1",
      "resolved": "https://registry.npmjs.org/esrecurse/-/esrecurse-4.2.1.tgz",
      "integrity": "sha512-64RBB++fIOAXPw3P9cy89qfMlvZEXZkqqJkjqqXIvzP5ezRZjW+lPWjw35UX/3EhUPFYbg5ER4JYgDw4007/DQ==",
      "dev": true,
      "requires": {
        "estraverse": "^4.1.0"
      }
    },
    "estraverse": {
      "version": "4.2.0",
      "resolved": "https://registry.npmjs.org/estraverse/-/estraverse-4.2.0.tgz",
      "integrity": "sha1-De4/7TH81GlhjOc0IJn8GvoL2xM=",
      "dev": true
    },
    "functional-red-black-tree": {
      "version": "1.0.1",
      "resolved": "https://registry.npmjs.org/functional-red-black-tree/-/functional-red-black-tree-1.0.1.tgz",
      "integrity": "sha1-GwqzvVU7Kg1jmdKcDj6gslIHgyc=",
      "dev": true
    },
    "lodash.unescape": {
      "version": "4.0.1",
      "resolved": "https://registry.npmjs.org/lodash.unescape/-/lodash.unescape-4.0.1.tgz",
      "integrity": "sha1-vyJJiGzlFM2hEvrpIYzcBlIR/Jw=",
      "dev": true
    },
    "regexpp": {
      "version": "2.0.1",
      "resolved": "https://registry.npmjs.org/regexpp/-/regexpp-2.0.1.tgz",
      "integrity": "sha512-lv0M6+TkDVniA3aD1Eg0DVpfU/booSu7Eev3TDO/mZKHBfVjgCGTV4t4buppESEYDtkArYFOxTJWv6S5C+iaNw==",
      "dev": true
    },
    "semver": {
      "version": "5.5.0",
      "resolved": "https://registry.npmjs.org/semver/-/semver-5.5.0.tgz",
      "integrity": "sha512-4SJ3dm0WAwWy/NVeioZh5AntkdJoWKxHxcmyP622fOkgHa4z3R0TdBJICINyaSDE6uNwVc8gZr+ZinwZAH4xIA==",
      "dev": true
    },
    "tslib": {
      "version": "1.10.0",
      "resolved": "https://registry.npmjs.org/tslib/-/tslib-1.10.0.tgz",
      "integrity": "sha512-qOebF53frne81cf0S9B41ByenJ3/IuH8yJKngAX35CmiZySA0khhkovshKK+jGCaMnVomla7gVlIcc3EvKPbTQ==",
      "dev": true
    },
    "tsutils": {
      "version": "3.14.0",
      "resolved": "https://registry.npmjs.org/tsutils/-/tsutils-3.14.0.tgz",
      "integrity": "sha512-SmzGbB0l+8I0QwsPgjooFRaRvHLBLNYM8SeQ0k6rtNDru5sCGeLJcZdwilNndN+GysuFjF5EIYgN8GfFG6UeUw==",
      "dev": true,
      "requires": {
        "tslib": "^1.8.1"
      }
    }
  }
}
